
Microsoft Visual Studio Solution File, Format Version 12.00
# Visual Studio Version 17
VisualStudioVersion = 17.6.33815.320
MinimumVisualStudioVersion = 10.0.40219.1
Project("{2150E333-8FDC-42A3-9474-1A3956D46DE8}") = "N1", "N1", "{359D0405-751F-42F9-8C88-BDAC3A82EAD7}"
EndProject
Project("{9A19103F-16F7-4668-BE54-9A1E7A4F7556}") = "N1", "N1\N1.csproj", "{0248C4AA-D99E-46D5-AA9A-59E9979EED2B}"
EndProject
Project("{2150E333-8FDC-42A3-9474-1A3956D46DE8}") = "N2", "N2", "{03CA7A07-691F-4F64-BA07-BBB7C0772A1F}"
EndProject
Project("{9A19103F-16F7-4668-BE54-9A1E7A4F7556}") = "N2", "N2\N2.csproj", "{CEFCE2E7-5414-4494-81DF-4C0601883627}"
EndProject
Project("{2150E333-8FDC-42A3-9474-1A3956D46DE8}") = "Tasks", "Tasks", "{A190A909-43B2-4D43-8D6B-AB09EF2BB481}"
EndProject
Project("{2150E333-8FDC-42A3-9474-1A3956D46DE8}") = "HomeTasks", "HomeTasks", "{6F1A311B-1AC6-4E20-90EF-B447EC09B445}"
EndProject
Project("{2150E333-8FDC-42A3-9474-1A3956D46DE8}") = "N3", "N3", "{A5FA9A31-517B-451F-B23E-4B2B4296ED53}"
EndProject
Project("{FAE04EC0-301F-11D3-BF4B-00C04F79EFBC}") = "N3", "N3\N3.csproj", "{1DC420F1-DB9E-49E4-A7EA-CAACA5C53FE7}"
EndProject
Project("{2150E333-8FDC-42A3-9474-1A3956D46DE8}") = "Tasks", "Tasks", "{BE4F0DA2-2FB7-4F99-8F05-AB0AA6D3B658}"
EndProject
Project("{2150E333-8FDC-42A3-9474-1A3956D46DE8}") = "HomeTasks", "HomeTasks", "{18994308-B459-4075-9C23-4C7161A6AC2D}"
EndProject
Project("{FAE04EC0-301F-11D3-BF4B-00C04F79EFBC}") = "N3-T1", "N1-T1\N3-T1.csproj", "{719772D1-BF5B-414A-BC53-26E3EF9237AB}"
EndProject
Global
	GlobalSection(SolutionConfigurationPlatforms) = preSolution
		Debug|Any CPU = Debug|Any CPU
		Release|Any CPU = Release|Any CPU
	EndGlobalSection
	GlobalSection(ProjectConfigurationPlatforms) = postSolution
		{0248C4AA-D99E-46D5-AA9A-59E9979EED2B}.Debug|Any CPU.ActiveCfg = Debug|Any CPU
		{0248C4AA-D99E-46D5-AA9A-59E9979EED2B}.Debug|Any CPU.Build.0 = Debug|Any CPU
		{0248C4AA-D99E-46D5-AA9A-59E9979EED2B}.Release|Any CPU.ActiveCfg = Release|Any CPU
		{0248C4AA-D99E-46D5-AA9A-59E9979EED2B}.Release|Any CPU.Build.0 = Release|Any CPU
		{CEFCE2E7-5414-4494-81DF-4C0601883627}.Debug|Any CPU.ActiveCfg = Debug|Any CPU
		{CEFCE2E7-5414-4494-81DF-4C0601883627}.Debug|Any CPU.Build.0 = Debug|Any CPU
		{CEFCE2E7-5414-4494-81DF-4C0601883627}.Release|Any CPU.ActiveCfg = Release|Any CPU
		{CEFCE2E7-5414-4494-81DF-4C0601883627}.Release|Any CPU.Build.0 = Release|Any CPU
		{1DC420F1-DB9E-49E4-A7EA-CAACA5C53FE7}.Debug|Any CPU.ActiveCfg = Debug|Any CPU
		{1DC420F1-DB9E-49E4-A7EA-CAACA5C53FE7}.Debug|Any CPU.Build.0 = Debug|Any CPU
		{1DC420F1-DB9E-49E4-A7EA-CAACA5C53FE7}.Release|Any CPU.ActiveCfg = Release|Any CPU
		{1DC420F1-DB9E-49E4-A7EA-CAACA5C53FE7}.Release|Any CPU.Build.0 = Release|Any CPU
		{719772D1-BF5B-414A-BC53-26E3EF9237AB}.Debug|Any CPU.ActiveCfg = Debug|Any CPU
		{719772D1-BF5B-414A-BC53-26E3EF9237AB}.Debug|Any CPU.Build.0 = Debug|Any CPU
		{719772D1-BF5B-414A-BC53-26E3EF9237AB}.Release|Any CPU.ActiveCfg = Release|Any CPU
		{719772D1-BF5B-414A-BC53-26E3EF9237AB}.Release|Any CPU.Build.0 = Release|Any CPU
	EndGlobalSection
	GlobalSection(SolutionProperties) = preSolution
		HideSolutionNode = FALSE
	EndGlobalSection
	GlobalSection(NestedProjects) = preSolution
		{0248C4AA-D99E-46D5-AA9A-59E9979EED2B} = {359D0405-751F-42F9-8C88-BDAC3A82EAD7}
		{CEFCE2E7-5414-4494-81DF-4C0601883627} = {03CA7A07-691F-4F64-BA07-BBB7C0772A1F}
		{A190A909-43B2-4D43-8D6B-AB09EF2BB481} = {03CA7A07-691F-4F64-BA07-BBB7C0772A1F}
		{6F1A311B-1AC6-4E20-90EF-B447EC09B445} = {03CA7A07-691F-4F64-BA07-BBB7C0772A1F}
		{1DC420F1-DB9E-49E4-A7EA-CAACA5C53FE7} = {A5FA9A31-517B-451F-B23E-4B2B4296ED53}
		{BE4F0DA2-2FB7-4F99-8F05-AB0AA6D3B658} = {A5FA9A31-517B-451F-B23E-4B2B4296ED53}
		{18994308-B459-4075-9C23-4C7161A6AC2D} = {A5FA9A31-517B-451F-B23E-4B2B4296ED53}
		{719772D1-BF5B-414A-BC53-26E3EF9237AB} = {BE4F0DA2-2FB7-4F99-8F05-AB0AA6D3B658}
	EndGlobalSection
	GlobalSection(ExtensibilityGlobals) = postSolution
		SolutionGuid = {7F51798A-AF1E-45C3-B056-CA6392E0ADE5}
	EndGlobalSection
EndGlobal
