
Microsoft Visual Studio Solution File, Format Version 12.00
# Visual Studio Version 17
VisualStudioVersion = 17.6.33815.320
MinimumVisualStudioVersion = 10.0.40219.1
Project("{2150E333-8FDC-42A3-9474-1A3956D46DE8}") = "N1", "N1", "{359D0405-751F-42F9-8C88-BDAC3A82EAD7}"
EndProject
Project("{9A19103F-16F7-4668-BE54-9A1E7A4F7556}") = "N1", "N1\N1.csproj", "{0248C4AA-D99E-46D5-AA9A-59E9979EED2B}"
EndProject
Project("{2150E333-8FDC-42A3-9474-1A3956D46DE8}") = "N2", "N2", "{03CA7A07-691F-4F64-BA07-BBB7C0772A1F}"
EndProject
Project("{9A19103F-16F7-4668-BE54-9A1E7A4F7556}") = "N2", "N2\N2.csproj", "{CEFCE2E7-5414-4494-81DF-4C0601883627}"
EndProject
Project("{2150E333-8FDC-42A3-9474-1A3956D46DE8}") = "Tasks", "Tasks", "{A190A909-43B2-4D43-8D6B-AB09EF2BB481}"
EndProject
Project("{2150E333-8FDC-42A3-9474-1A3956D46DE8}") = "HomeTasks", "HomeTasks", "{6F1A311B-1AC6-4E20-90EF-B447EC09B445}"
EndProject
Project("{2150E333-8FDC-42A3-9474-1A3956D46DE8}") = "N3", "N3", "{A5FA9A31-517B-451F-B23E-4B2B4296ED53}"
EndProject
Project("{9A19103F-16F7-4668-BE54-9A1E7A4F7556}") = "N3", "N3\N3.csproj", "{1DC420F1-DB9E-49E4-A7EA-CAACA5C53FE7}"
EndProject
Project("{2150E333-8FDC-42A3-9474-1A3956D46DE8}") = "Tasks", "Tasks", "{BE4F0DA2-2FB7-4F99-8F05-AB0AA6D3B658}"
EndProject
Project("{2150E333-8FDC-42A3-9474-1A3956D46DE8}") = "HomeTasks", "HomeTasks", "{18994308-B459-4075-9C23-4C7161A6AC2D}"
EndProject
Project("{2150E333-8FDC-42A3-9474-1A3956D46DE8}") = "N4", "N4", "{B0E9B1E6-990E-4769-8EB9-B40D63F81B86}"
EndProject
Project("{9A19103F-16F7-4668-BE54-9A1E7A4F7556}") = "N4", "N4\N4.csproj", "{194650DC-7385-4C6C-A099-4AD54410F743}"
EndProject
Project("{2150E333-8FDC-42A3-9474-1A3956D46DE8}") = "N5", "N5", "{48E00F12-FE02-46B8-8380-38150BC65E5A}"
EndProject
Project("{9A19103F-16F7-4668-BE54-9A1E7A4F7556}") = "N5", "N5\N5.csproj", "{C727A170-4ABC-4612-93FB-DE882AA76C03}"
EndProject
Project("{2150E333-8FDC-42A3-9474-1A3956D46DE8}") = "N6", "N6", "{8312C64B-D89F-40A5-A304-CA6E006B3692}"
EndProject
Project("{9A19103F-16F7-4668-BE54-9A1E7A4F7556}") = "N6", "N6\N6.csproj", "{A2D5A144-3472-4DC6-9C91-B4EB4B78EEC8}"
EndProject
Project("{2150E333-8FDC-42A3-9474-1A3956D46DE8}") = "N7", "N7", "{100767F6-81DB-4E55-B1E8-9766BDA53A39}"
EndProject
Project("{9A19103F-16F7-4668-BE54-9A1E7A4F7556}") = "N7", "N7\N7.csproj", "{14586D58-E87A-47B6-B6DB-C78B5B4F64C4}"
EndProject
Project("{2150E333-8FDC-42A3-9474-1A3956D46DE8}") = "Tasks", "Tasks", "{7715D06E-EA0A-47D7-A49B-BEF572606FBE}"
EndProject
Project("{9A19103F-16F7-4668-BE54-9A1E7A4F7556}") = "N7-T1", "N7-T1\N7-T1.csproj", "{ED7F36F4-342C-49C6-A10F-8935B4208258}"
EndProject
Project("{2150E333-8FDC-42A3-9474-1A3956D46DE8}") = "N8", "N8", "{F8FD6820-935C-4339-AB3F-C60B9CF1ECA9}"
EndProject
Project("{9A19103F-16F7-4668-BE54-9A1E7A4F7556}") = "N8", "N8\N8.csproj", "{D1C0C786-D212-42DA-BF67-CA69D9C9CAC3}"
EndProject
Project("{2150E333-8FDC-42A3-9474-1A3956D46DE8}") = "N9", "N9", "{E52D31E1-F6DB-421F-BA60-EE88100ED49E}"
EndProject
Project("{9A19103F-16F7-4668-BE54-9A1E7A4F7556}") = "N9", "N9\N9.csproj", "{83B01AA8-0AC9-4FEA-B721-BBB1ED7BA32D}"
EndProject
Project("{2150E333-8FDC-42A3-9474-1A3956D46DE8}") = "N10", "N10", "{3EF6A823-EA60-4F90-BE88-C04E9C6EC361}"
EndProject
Project("{9A19103F-16F7-4668-BE54-9A1E7A4F7556}") = "N10", "N10\N10.csproj", "{FC344440-B715-44CA-89C4-170CB1246D80}"
EndProject
Project("{2150E333-8FDC-42A3-9474-1A3956D46DE8}") = "Tasks", "Tasks", "{3FCEEE74-E54A-4A14-BBF1-2F0839279501}"
EndProject
Project("{9A19103F-16F7-4668-BE54-9A1E7A4F7556}") = "N10-T1", "N10-T1\N10-T1.csproj", "{3025C31A-4AAF-4133-8129-0216B91FE6AD}"
EndProject
Project("{2150E333-8FDC-42A3-9474-1A3956D46DE8}") = "N11", "N11", "{5DA9588D-C9CD-4DF3-9939-664DA3A4226C}"
EndProject
Project("{2150E333-8FDC-42A3-9474-1A3956D46DE8}") = "Tasks", "Tasks", "{6AC94E06-CAF8-4CDD-B174-5605DEA69C80}"
EndProject
Project("{9A19103F-16F7-4668-BE54-9A1E7A4F7556}") = "N11-T1", "N11-T1\N11-T1.csproj", "{8FBD4FD6-F6B5-4557-84C4-442D4B8351B3}"
EndProject
Project("{2150E333-8FDC-42A3-9474-1A3956D46DE8}") = "N12", "N12", "{7D1C7816-B56C-4998-9248-564500714540}"
EndProject
Project("{9A19103F-16F7-4668-BE54-9A1E7A4F7556}") = "N12", "N12\N12.csproj", "{2A713E8D-891A-4E2B-B618-0545BC934BE6}"
EndProject
Project("{2150E333-8FDC-42A3-9474-1A3956D46DE8}") = "HomeTasks", "HomeTasks", "{6D942371-72FE-4A28-BBC7-B8BFC861E837}"
EndProject
Project("{9A19103F-16F7-4668-BE54-9A1E7A4F7556}") = "N12-HT1", "N12-HT1\N12-HT1.csproj", "{A9B61F5B-3C8C-49C2-9D74-80084DE8C207}"
EndProject
Project("{2150E333-8FDC-42A3-9474-1A3956D46DE8}") = "N13", "N13", "{75FF1246-3AB0-4EAA-A5CE-22B00F997D9F}"
EndProject
Project("{9A19103F-16F7-4668-BE54-9A1E7A4F7556}") = "N13", "N13\N13.csproj", "{262F7377-99C6-4D1A-8648-4854BD2748F4}"
EndProject
Project("{2150E333-8FDC-42A3-9474-1A3956D46DE8}") = "N14", "N14", "{DD46A8B4-379B-4B26-85BD-1AE649548C96}"
EndProject
Project("{9A19103F-16F7-4668-BE54-9A1E7A4F7556}") = "N14", "N14\N14.csproj", "{74795E06-A58A-472F-92DC-98B351EF2A78}"
EndProject
Project("{9A19103F-16F7-4668-BE54-9A1E7A4F7556}") = "N14-Library", "N14-Library\N14-Library.csproj", "{0DC0CE50-FCE5-4BFF-8D18-6E05B136A7C3}"
EndProject
Project("{2150E333-8FDC-42A3-9474-1A3956D46DE8}") = "N15", "N15", "{9B85877F-A00B-4F72-B343-50A9BD4E7DE5}"
EndProject
Project("{9A19103F-16F7-4668-BE54-9A1E7A4F7556}") = "N15", "N15\N15.csproj", "{EB594479-0CE6-44F3-89EF-8674ADB24C49}"
EndProject
Project("{2150E333-8FDC-42A3-9474-1A3956D46DE8}") = "N16", "N16", "{4EAE1FAE-697C-4181-9092-6F233BB53ADE}"
EndProject
Project("{9A19103F-16F7-4668-BE54-9A1E7A4F7556}") = "N16", "N16\N16.csproj", "{C1CF6BB1-4AFD-4C3A-B14D-E053E48393C3}"
EndProject
Project("{2150E333-8FDC-42A3-9474-1A3956D46DE8}") = "Tasks", "Tasks", "{6D300026-239C-40D8-8FEA-18A615ACC501}"
EndProject
Project("{9A19103F-16F7-4668-BE54-9A1E7A4F7556}") = "N16-T1", "N16-T1\N16-T1.csproj", "{7BF48ECF-366D-401D-AD45-B9170FD13B7B}"
EndProject
Project("{2150E333-8FDC-42A3-9474-1A3956D46DE8}") = "N17", "N17", "{0271CAAB-7C4D-40A2-98A5-ADC2C233275B}"
EndProject
Project("{9A19103F-16F7-4668-BE54-9A1E7A4F7556}") = "N17", "N17\N17.csproj", "{D08CE4A4-00B6-41CC-9AF2-2F2F4D9E792F}"
EndProject
Project("{2150E333-8FDC-42A3-9474-1A3956D46DE8}") = "N18", "N18", "{5B327F49-0B36-4A3D-BCC1-EF83C51452A2}"
EndProject
Project("{9A19103F-16F7-4668-BE54-9A1E7A4F7556}") = "N18", "N18\N18.csproj", "{DE9CE227-228A-4406-A860-548D16E6E392}"
EndProject
Project("{2150E333-8FDC-42A3-9474-1A3956D46DE8}") = "N20", "N20", "{E16BDF0B-4E14-4BF5-B54F-67B2AC387D5E}"
EndProject
Project("{9A19103F-16F7-4668-BE54-9A1E7A4F7556}") = "N20", "N20\N20.csproj", "{8A16D65D-B185-42F9-A401-B2B44D63C6BD}"
EndProject
Project("{2150E333-8FDC-42A3-9474-1A3956D46DE8}") = "N19", "N19", "{215A91B4-47E5-444D-80FF-60C9A1ADD4F7}"
EndProject
Project("{9A19103F-16F7-4668-BE54-9A1E7A4F7556}") = "N19", "N19\N19.csproj", "{DE13563F-D302-4D63-B28C-19720AEE98A4}"
EndProject
Project("{2150E333-8FDC-42A3-9474-1A3956D46DE8}") = "Tasks", "Tasks", "{384C9BAE-6F4A-4798-B235-9C14E8163617}"
EndProject
Project("{9A19103F-16F7-4668-BE54-9A1E7A4F7556}") = "N20-T1", "N20-T1\N20-T1.csproj", "{EA5C7B79-A5EA-4716-87F8-5D2331486F38}"
EndProject
Project("{9A19103F-16F7-4668-BE54-9A1E7A4F7556}") = "N20-T2", "N20-T2\N20-T2.csproj", "{D8FC74D9-4B92-44BA-A716-54F816A2308F}"
EndProject
Project("{2150E333-8FDC-42A3-9474-1A3956D46DE8}") = "N21", "N21", "{2C292658-832B-49BF-B4CD-6AC5DDD0B5DF}"
EndProject
Project("{9A19103F-16F7-4668-BE54-9A1E7A4F7556}") = "N21", "N21\N21.csproj", "{80F4CAEC-98A1-4928-97B7-54AFB763BAAD}"
EndProject
Project("{2150E333-8FDC-42A3-9474-1A3956D46DE8}") = "Tasks", "Tasks", "{9CEA0EAC-6A15-4649-B3FE-45A6922F4BD7}"
EndProject
Project("{9A19103F-16F7-4668-BE54-9A1E7A4F7556}") = "N21-T1", "N21\N21-T1\N21-T1.csproj", "{63432E68-3780-4F50-8F79-B4D43846A0CB}"
EndProject
Project("{2150E333-8FDC-42A3-9474-1A3956D46DE8}") = "N22", "N22", "{0D756154-A531-437D-9697-7AE7133442E3}"
EndProject
Project("{9A19103F-16F7-4668-BE54-9A1E7A4F7556}") = "N22-C1", "N22-C1\N22-C1.csproj", "{0EE36E52-ED69-45DE-BA62-4D899223E9CE}"
EndProject
Project("{2150E333-8FDC-42A3-9474-1A3956D46DE8}") = "Tasks", "Tasks", "{228BCB21-9484-4E65-8464-EBED73AD07CC}"
EndProject
Project("{9A19103F-16F7-4668-BE54-9A1E7A4F7556}") = "N22-T1", "N22-T1\N22-T1.csproj", "{5B4AA7DB-883B-4B30-AB80-D0719131C843}"
EndProject
Project("{2150E333-8FDC-42A3-9474-1A3956D46DE8}") = "N23", "N23", "{867314E8-5424-40D4-AC02-E9DAA452C6C0}"
EndProject
Project("{9A19103F-16F7-4668-BE54-9A1E7A4F7556}") = "N23", "N23\N23.csproj", "{9A1106A4-4B5E-4200-925A-E9D01D37E542}"
EndProject
Project("{2150E333-8FDC-42A3-9474-1A3956D46DE8}") = "Tasks", "Tasks", "{C40E6447-1D19-4C71-9D18-9AF11F1C4E17}"
EndProject
Project("{9A19103F-16F7-4668-BE54-9A1E7A4F7556}") = "N23-T1", "N23-T1\N23-T1.csproj", "{9ADEB5A5-5297-452A-9117-8DF2CE4B2B78}"
EndProject
Project("{2150E333-8FDC-42A3-9474-1A3956D46DE8}") = "N24", "N24", "{4869FD86-0F3E-4A86-9EAC-59C3C50D3B0F}"
EndProject
Project("{9A19103F-16F7-4668-BE54-9A1E7A4F7556}") = "N24", "N24\N24.csproj", "{3A9E9E8D-CA68-421D-8BC7-9C92C08070EE}"
EndProject
Project("{FAE04EC0-301F-11D3-BF4B-00C04F79EFBC}") = "N24-T3", "N24-T3\N24-T3.csproj", "{D77DDE85-215B-4F27-8283-88B430AC9B80}"
EndProject
Project("{2150E333-8FDC-42A3-9474-1A3956D46DE8}") = "N25", "N25", "{92DB4E82-2BF7-46D1-A558-BA9731620F01}"
EndProject
Project("{FAE04EC0-301F-11D3-BF4B-00C04F79EFBC}") = "N25", "N25\N25.csproj", "{947FB3AA-1D1F-4F2E-B55F-2092B2535B2D}"
EndProject
Global
	GlobalSection(SolutionConfigurationPlatforms) = preSolution
		Debug|Any CPU = Debug|Any CPU
		Release|Any CPU = Release|Any CPU
	EndGlobalSection
	GlobalSection(ProjectConfigurationPlatforms) = postSolution
		{0248C4AA-D99E-46D5-AA9A-59E9979EED2B}.Debug|Any CPU.ActiveCfg = Debug|Any CPU
		{0248C4AA-D99E-46D5-AA9A-59E9979EED2B}.Debug|Any CPU.Build.0 = Debug|Any CPU
		{0248C4AA-D99E-46D5-AA9A-59E9979EED2B}.Release|Any CPU.ActiveCfg = Release|Any CPU
		{0248C4AA-D99E-46D5-AA9A-59E9979EED2B}.Release|Any CPU.Build.0 = Release|Any CPU
		{CEFCE2E7-5414-4494-81DF-4C0601883627}.Debug|Any CPU.ActiveCfg = Debug|Any CPU
		{CEFCE2E7-5414-4494-81DF-4C0601883627}.Debug|Any CPU.Build.0 = Debug|Any CPU
		{CEFCE2E7-5414-4494-81DF-4C0601883627}.Release|Any CPU.ActiveCfg = Release|Any CPU
		{CEFCE2E7-5414-4494-81DF-4C0601883627}.Release|Any CPU.Build.0 = Release|Any CPU
		{1DC420F1-DB9E-49E4-A7EA-CAACA5C53FE7}.Debug|Any CPU.ActiveCfg = Debug|Any CPU
		{1DC420F1-DB9E-49E4-A7EA-CAACA5C53FE7}.Debug|Any CPU.Build.0 = Debug|Any CPU
		{1DC420F1-DB9E-49E4-A7EA-CAACA5C53FE7}.Release|Any CPU.ActiveCfg = Release|Any CPU
		{1DC420F1-DB9E-49E4-A7EA-CAACA5C53FE7}.Release|Any CPU.Build.0 = Release|Any CPU
		{194650DC-7385-4C6C-A099-4AD54410F743}.Debug|Any CPU.ActiveCfg = Debug|Any CPU
		{194650DC-7385-4C6C-A099-4AD54410F743}.Debug|Any CPU.Build.0 = Debug|Any CPU
		{194650DC-7385-4C6C-A099-4AD54410F743}.Release|Any CPU.ActiveCfg = Release|Any CPU
		{194650DC-7385-4C6C-A099-4AD54410F743}.Release|Any CPU.Build.0 = Release|Any CPU
		{C727A170-4ABC-4612-93FB-DE882AA76C03}.Debug|Any CPU.ActiveCfg = Debug|Any CPU
		{C727A170-4ABC-4612-93FB-DE882AA76C03}.Debug|Any CPU.Build.0 = Debug|Any CPU
		{C727A170-4ABC-4612-93FB-DE882AA76C03}.Release|Any CPU.ActiveCfg = Release|Any CPU
		{C727A170-4ABC-4612-93FB-DE882AA76C03}.Release|Any CPU.Build.0 = Release|Any CPU
		{A2D5A144-3472-4DC6-9C91-B4EB4B78EEC8}.Debug|Any CPU.ActiveCfg = Debug|Any CPU
		{A2D5A144-3472-4DC6-9C91-B4EB4B78EEC8}.Debug|Any CPU.Build.0 = Debug|Any CPU
		{A2D5A144-3472-4DC6-9C91-B4EB4B78EEC8}.Release|Any CPU.ActiveCfg = Release|Any CPU
		{A2D5A144-3472-4DC6-9C91-B4EB4B78EEC8}.Release|Any CPU.Build.0 = Release|Any CPU
		{14586D58-E87A-47B6-B6DB-C78B5B4F64C4}.Debug|Any CPU.ActiveCfg = Debug|Any CPU
		{14586D58-E87A-47B6-B6DB-C78B5B4F64C4}.Debug|Any CPU.Build.0 = Debug|Any CPU
		{14586D58-E87A-47B6-B6DB-C78B5B4F64C4}.Release|Any CPU.ActiveCfg = Release|Any CPU
		{14586D58-E87A-47B6-B6DB-C78B5B4F64C4}.Release|Any CPU.Build.0 = Release|Any CPU
		{ED7F36F4-342C-49C6-A10F-8935B4208258}.Debug|Any CPU.ActiveCfg = Debug|Any CPU
		{ED7F36F4-342C-49C6-A10F-8935B4208258}.Debug|Any CPU.Build.0 = Debug|Any CPU
		{ED7F36F4-342C-49C6-A10F-8935B4208258}.Release|Any CPU.ActiveCfg = Release|Any CPU
		{ED7F36F4-342C-49C6-A10F-8935B4208258}.Release|Any CPU.Build.0 = Release|Any CPU
		{D1C0C786-D212-42DA-BF67-CA69D9C9CAC3}.Debug|Any CPU.ActiveCfg = Debug|Any CPU
		{D1C0C786-D212-42DA-BF67-CA69D9C9CAC3}.Debug|Any CPU.Build.0 = Debug|Any CPU
		{D1C0C786-D212-42DA-BF67-CA69D9C9CAC3}.Release|Any CPU.ActiveCfg = Release|Any CPU
		{D1C0C786-D212-42DA-BF67-CA69D9C9CAC3}.Release|Any CPU.Build.0 = Release|Any CPU
		{83B01AA8-0AC9-4FEA-B721-BBB1ED7BA32D}.Debug|Any CPU.ActiveCfg = Debug|Any CPU
		{83B01AA8-0AC9-4FEA-B721-BBB1ED7BA32D}.Debug|Any CPU.Build.0 = Debug|Any CPU
		{83B01AA8-0AC9-4FEA-B721-BBB1ED7BA32D}.Release|Any CPU.ActiveCfg = Release|Any CPU
		{83B01AA8-0AC9-4FEA-B721-BBB1ED7BA32D}.Release|Any CPU.Build.0 = Release|Any CPU
		{FC344440-B715-44CA-89C4-170CB1246D80}.Debug|Any CPU.ActiveCfg = Debug|Any CPU
		{FC344440-B715-44CA-89C4-170CB1246D80}.Debug|Any CPU.Build.0 = Debug|Any CPU
		{FC344440-B715-44CA-89C4-170CB1246D80}.Release|Any CPU.ActiveCfg = Release|Any CPU
		{FC344440-B715-44CA-89C4-170CB1246D80}.Release|Any CPU.Build.0 = Release|Any CPU
		{3025C31A-4AAF-4133-8129-0216B91FE6AD}.Debug|Any CPU.ActiveCfg = Debug|Any CPU
		{3025C31A-4AAF-4133-8129-0216B91FE6AD}.Debug|Any CPU.Build.0 = Debug|Any CPU
		{3025C31A-4AAF-4133-8129-0216B91FE6AD}.Release|Any CPU.ActiveCfg = Release|Any CPU
		{3025C31A-4AAF-4133-8129-0216B91FE6AD}.Release|Any CPU.Build.0 = Release|Any CPU
		{8FBD4FD6-F6B5-4557-84C4-442D4B8351B3}.Debug|Any CPU.ActiveCfg = Debug|Any CPU
		{8FBD4FD6-F6B5-4557-84C4-442D4B8351B3}.Debug|Any CPU.Build.0 = Debug|Any CPU
		{8FBD4FD6-F6B5-4557-84C4-442D4B8351B3}.Release|Any CPU.ActiveCfg = Release|Any CPU
		{8FBD4FD6-F6B5-4557-84C4-442D4B8351B3}.Release|Any CPU.Build.0 = Release|Any CPU
		{2A713E8D-891A-4E2B-B618-0545BC934BE6}.Debug|Any CPU.ActiveCfg = Debug|Any CPU
		{2A713E8D-891A-4E2B-B618-0545BC934BE6}.Debug|Any CPU.Build.0 = Debug|Any CPU
		{2A713E8D-891A-4E2B-B618-0545BC934BE6}.Release|Any CPU.ActiveCfg = Release|Any CPU
		{2A713E8D-891A-4E2B-B618-0545BC934BE6}.Release|Any CPU.Build.0 = Release|Any CPU
		{A9B61F5B-3C8C-49C2-9D74-80084DE8C207}.Debug|Any CPU.ActiveCfg = Debug|Any CPU
		{A9B61F5B-3C8C-49C2-9D74-80084DE8C207}.Debug|Any CPU.Build.0 = Debug|Any CPU
		{A9B61F5B-3C8C-49C2-9D74-80084DE8C207}.Release|Any CPU.ActiveCfg = Release|Any CPU
		{A9B61F5B-3C8C-49C2-9D74-80084DE8C207}.Release|Any CPU.Build.0 = Release|Any CPU
		{262F7377-99C6-4D1A-8648-4854BD2748F4}.Debug|Any CPU.ActiveCfg = Debug|Any CPU
		{262F7377-99C6-4D1A-8648-4854BD2748F4}.Debug|Any CPU.Build.0 = Debug|Any CPU
		{262F7377-99C6-4D1A-8648-4854BD2748F4}.Release|Any CPU.ActiveCfg = Release|Any CPU
		{262F7377-99C6-4D1A-8648-4854BD2748F4}.Release|Any CPU.Build.0 = Release|Any CPU
		{74795E06-A58A-472F-92DC-98B351EF2A78}.Debug|Any CPU.ActiveCfg = Debug|Any CPU
		{74795E06-A58A-472F-92DC-98B351EF2A78}.Debug|Any CPU.Build.0 = Debug|Any CPU
		{74795E06-A58A-472F-92DC-98B351EF2A78}.Release|Any CPU.ActiveCfg = Release|Any CPU
		{74795E06-A58A-472F-92DC-98B351EF2A78}.Release|Any CPU.Build.0 = Release|Any CPU
		{0DC0CE50-FCE5-4BFF-8D18-6E05B136A7C3}.Debug|Any CPU.ActiveCfg = Debug|Any CPU
		{0DC0CE50-FCE5-4BFF-8D18-6E05B136A7C3}.Debug|Any CPU.Build.0 = Debug|Any CPU
		{0DC0CE50-FCE5-4BFF-8D18-6E05B136A7C3}.Release|Any CPU.ActiveCfg = Release|Any CPU
		{0DC0CE50-FCE5-4BFF-8D18-6E05B136A7C3}.Release|Any CPU.Build.0 = Release|Any CPU
		{EB594479-0CE6-44F3-89EF-8674ADB24C49}.Debug|Any CPU.ActiveCfg = Debug|Any CPU
		{EB594479-0CE6-44F3-89EF-8674ADB24C49}.Debug|Any CPU.Build.0 = Debug|Any CPU
		{EB594479-0CE6-44F3-89EF-8674ADB24C49}.Release|Any CPU.ActiveCfg = Release|Any CPU
		{EB594479-0CE6-44F3-89EF-8674ADB24C49}.Release|Any CPU.Build.0 = Release|Any CPU
		{C1CF6BB1-4AFD-4C3A-B14D-E053E48393C3}.Debug|Any CPU.ActiveCfg = Debug|Any CPU
		{C1CF6BB1-4AFD-4C3A-B14D-E053E48393C3}.Debug|Any CPU.Build.0 = Debug|Any CPU
		{C1CF6BB1-4AFD-4C3A-B14D-E053E48393C3}.Release|Any CPU.ActiveCfg = Release|Any CPU
		{C1CF6BB1-4AFD-4C3A-B14D-E053E48393C3}.Release|Any CPU.Build.0 = Release|Any CPU
		{7BF48ECF-366D-401D-AD45-B9170FD13B7B}.Debug|Any CPU.ActiveCfg = Debug|Any CPU
		{7BF48ECF-366D-401D-AD45-B9170FD13B7B}.Debug|Any CPU.Build.0 = Debug|Any CPU
		{7BF48ECF-366D-401D-AD45-B9170FD13B7B}.Release|Any CPU.ActiveCfg = Release|Any CPU
		{7BF48ECF-366D-401D-AD45-B9170FD13B7B}.Release|Any CPU.Build.0 = Release|Any CPU
		{D08CE4A4-00B6-41CC-9AF2-2F2F4D9E792F}.Debug|Any CPU.ActiveCfg = Debug|Any CPU
		{D08CE4A4-00B6-41CC-9AF2-2F2F4D9E792F}.Debug|Any CPU.Build.0 = Debug|Any CPU
		{D08CE4A4-00B6-41CC-9AF2-2F2F4D9E792F}.Release|Any CPU.ActiveCfg = Release|Any CPU
		{D08CE4A4-00B6-41CC-9AF2-2F2F4D9E792F}.Release|Any CPU.Build.0 = Release|Any CPU
		{DE9CE227-228A-4406-A860-548D16E6E392}.Debug|Any CPU.ActiveCfg = Debug|Any CPU
		{DE9CE227-228A-4406-A860-548D16E6E392}.Debug|Any CPU.Build.0 = Debug|Any CPU
		{DE9CE227-228A-4406-A860-548D16E6E392}.Release|Any CPU.ActiveCfg = Release|Any CPU
		{DE9CE227-228A-4406-A860-548D16E6E392}.Release|Any CPU.Build.0 = Release|Any CPU
		{8A16D65D-B185-42F9-A401-B2B44D63C6BD}.Debug|Any CPU.ActiveCfg = Debug|Any CPU
		{8A16D65D-B185-42F9-A401-B2B44D63C6BD}.Debug|Any CPU.Build.0 = Debug|Any CPU
		{8A16D65D-B185-42F9-A401-B2B44D63C6BD}.Release|Any CPU.ActiveCfg = Release|Any CPU
		{8A16D65D-B185-42F9-A401-B2B44D63C6BD}.Release|Any CPU.Build.0 = Release|Any CPU
		{DE13563F-D302-4D63-B28C-19720AEE98A4}.Debug|Any CPU.ActiveCfg = Debug|Any CPU
		{DE13563F-D302-4D63-B28C-19720AEE98A4}.Debug|Any CPU.Build.0 = Debug|Any CPU
		{DE13563F-D302-4D63-B28C-19720AEE98A4}.Release|Any CPU.ActiveCfg = Release|Any CPU
		{DE13563F-D302-4D63-B28C-19720AEE98A4}.Release|Any CPU.Build.0 = Release|Any CPU
		{EA5C7B79-A5EA-4716-87F8-5D2331486F38}.Debug|Any CPU.ActiveCfg = Debug|Any CPU
		{EA5C7B79-A5EA-4716-87F8-5D2331486F38}.Debug|Any CPU.Build.0 = Debug|Any CPU
		{EA5C7B79-A5EA-4716-87F8-5D2331486F38}.Release|Any CPU.ActiveCfg = Release|Any CPU
		{EA5C7B79-A5EA-4716-87F8-5D2331486F38}.Release|Any CPU.Build.0 = Release|Any CPU
		{D8FC74D9-4B92-44BA-A716-54F816A2308F}.Debug|Any CPU.ActiveCfg = Debug|Any CPU
		{D8FC74D9-4B92-44BA-A716-54F816A2308F}.Debug|Any CPU.Build.0 = Debug|Any CPU
		{D8FC74D9-4B92-44BA-A716-54F816A2308F}.Release|Any CPU.ActiveCfg = Release|Any CPU
		{D8FC74D9-4B92-44BA-A716-54F816A2308F}.Release|Any CPU.Build.0 = Release|Any CPU
		{80F4CAEC-98A1-4928-97B7-54AFB763BAAD}.Debug|Any CPU.ActiveCfg = Debug|Any CPU
		{80F4CAEC-98A1-4928-97B7-54AFB763BAAD}.Debug|Any CPU.Build.0 = Debug|Any CPU
		{80F4CAEC-98A1-4928-97B7-54AFB763BAAD}.Release|Any CPU.ActiveCfg = Release|Any CPU
		{80F4CAEC-98A1-4928-97B7-54AFB763BAAD}.Release|Any CPU.Build.0 = Release|Any CPU
		{63432E68-3780-4F50-8F79-B4D43846A0CB}.Debug|Any CPU.ActiveCfg = Debug|Any CPU
		{63432E68-3780-4F50-8F79-B4D43846A0CB}.Debug|Any CPU.Build.0 = Debug|Any CPU
		{63432E68-3780-4F50-8F79-B4D43846A0CB}.Release|Any CPU.ActiveCfg = Release|Any CPU
		{63432E68-3780-4F50-8F79-B4D43846A0CB}.Release|Any CPU.Build.0 = Release|Any CPU
		{0EE36E52-ED69-45DE-BA62-4D899223E9CE}.Debug|Any CPU.ActiveCfg = Debug|Any CPU
		{0EE36E52-ED69-45DE-BA62-4D899223E9CE}.Debug|Any CPU.Build.0 = Debug|Any CPU
		{0EE36E52-ED69-45DE-BA62-4D899223E9CE}.Release|Any CPU.ActiveCfg = Release|Any CPU
		{0EE36E52-ED69-45DE-BA62-4D899223E9CE}.Release|Any CPU.Build.0 = Release|Any CPU
		{5B4AA7DB-883B-4B30-AB80-D0719131C843}.Debug|Any CPU.ActiveCfg = Debug|Any CPU
		{5B4AA7DB-883B-4B30-AB80-D0719131C843}.Debug|Any CPU.Build.0 = Debug|Any CPU
		{5B4AA7DB-883B-4B30-AB80-D0719131C843}.Release|Any CPU.ActiveCfg = Release|Any CPU
		{5B4AA7DB-883B-4B30-AB80-D0719131C843}.Release|Any CPU.Build.0 = Release|Any CPU
		{9A1106A4-4B5E-4200-925A-E9D01D37E542}.Debug|Any CPU.ActiveCfg = Debug|Any CPU
		{9A1106A4-4B5E-4200-925A-E9D01D37E542}.Debug|Any CPU.Build.0 = Debug|Any CPU
		{9A1106A4-4B5E-4200-925A-E9D01D37E542}.Release|Any CPU.ActiveCfg = Release|Any CPU
		{9A1106A4-4B5E-4200-925A-E9D01D37E542}.Release|Any CPU.Build.0 = Release|Any CPU
		{9ADEB5A5-5297-452A-9117-8DF2CE4B2B78}.Debug|Any CPU.ActiveCfg = Debug|Any CPU
		{9ADEB5A5-5297-452A-9117-8DF2CE4B2B78}.Debug|Any CPU.Build.0 = Debug|Any CPU
		{9ADEB5A5-5297-452A-9117-8DF2CE4B2B78}.Release|Any CPU.ActiveCfg = Release|Any CPU
		{9ADEB5A5-5297-452A-9117-8DF2CE4B2B78}.Release|Any CPU.Build.0 = Release|Any CPU
		{3A9E9E8D-CA68-421D-8BC7-9C92C08070EE}.Debug|Any CPU.ActiveCfg = Debug|Any CPU
		{3A9E9E8D-CA68-421D-8BC7-9C92C08070EE}.Debug|Any CPU.Build.0 = Debug|Any CPU
		{3A9E9E8D-CA68-421D-8BC7-9C92C08070EE}.Release|Any CPU.ActiveCfg = Release|Any CPU
		{3A9E9E8D-CA68-421D-8BC7-9C92C08070EE}.Release|Any CPU.Build.0 = Release|Any CPU
		{D77DDE85-215B-4F27-8283-88B430AC9B80}.Debug|Any CPU.ActiveCfg = Debug|Any CPU
		{D77DDE85-215B-4F27-8283-88B430AC9B80}.Debug|Any CPU.Build.0 = Debug|Any CPU
		{D77DDE85-215B-4F27-8283-88B430AC9B80}.Release|Any CPU.ActiveCfg = Release|Any CPU
		{D77DDE85-215B-4F27-8283-88B430AC9B80}.Release|Any CPU.Build.0 = Release|Any CPU
		{947FB3AA-1D1F-4F2E-B55F-2092B2535B2D}.Debug|Any CPU.ActiveCfg = Debug|Any CPU
		{947FB3AA-1D1F-4F2E-B55F-2092B2535B2D}.Debug|Any CPU.Build.0 = Debug|Any CPU
		{947FB3AA-1D1F-4F2E-B55F-2092B2535B2D}.Release|Any CPU.ActiveCfg = Release|Any CPU
		{947FB3AA-1D1F-4F2E-B55F-2092B2535B2D}.Release|Any CPU.Build.0 = Release|Any CPU
	EndGlobalSection
	GlobalSection(SolutionProperties) = preSolution
		HideSolutionNode = FALSE
	EndGlobalSection
	GlobalSection(NestedProjects) = preSolution
		{0248C4AA-D99E-46D5-AA9A-59E9979EED2B} = {359D0405-751F-42F9-8C88-BDAC3A82EAD7}
		{CEFCE2E7-5414-4494-81DF-4C0601883627} = {03CA7A07-691F-4F64-BA07-BBB7C0772A1F}
		{A190A909-43B2-4D43-8D6B-AB09EF2BB481} = {03CA7A07-691F-4F64-BA07-BBB7C0772A1F}
		{6F1A311B-1AC6-4E20-90EF-B447EC09B445} = {03CA7A07-691F-4F64-BA07-BBB7C0772A1F}
		{1DC420F1-DB9E-49E4-A7EA-CAACA5C53FE7} = {A5FA9A31-517B-451F-B23E-4B2B4296ED53}
		{BE4F0DA2-2FB7-4F99-8F05-AB0AA6D3B658} = {A5FA9A31-517B-451F-B23E-4B2B4296ED53}
		{18994308-B459-4075-9C23-4C7161A6AC2D} = {A5FA9A31-517B-451F-B23E-4B2B4296ED53}
		{194650DC-7385-4C6C-A099-4AD54410F743} = {B0E9B1E6-990E-4769-8EB9-B40D63F81B86}
		{C727A170-4ABC-4612-93FB-DE882AA76C03} = {48E00F12-FE02-46B8-8380-38150BC65E5A}
		{A2D5A144-3472-4DC6-9C91-B4EB4B78EEC8} = {8312C64B-D89F-40A5-A304-CA6E006B3692}
		{14586D58-E87A-47B6-B6DB-C78B5B4F64C4} = {100767F6-81DB-4E55-B1E8-9766BDA53A39}
		{7715D06E-EA0A-47D7-A49B-BEF572606FBE} = {100767F6-81DB-4E55-B1E8-9766BDA53A39}
		{ED7F36F4-342C-49C6-A10F-8935B4208258} = {7715D06E-EA0A-47D7-A49B-BEF572606FBE}
		{D1C0C786-D212-42DA-BF67-CA69D9C9CAC3} = {F8FD6820-935C-4339-AB3F-C60B9CF1ECA9}
		{83B01AA8-0AC9-4FEA-B721-BBB1ED7BA32D} = {E52D31E1-F6DB-421F-BA60-EE88100ED49E}
		{FC344440-B715-44CA-89C4-170CB1246D80} = {3EF6A823-EA60-4F90-BE88-C04E9C6EC361}
		{3FCEEE74-E54A-4A14-BBF1-2F0839279501} = {3EF6A823-EA60-4F90-BE88-C04E9C6EC361}
		{3025C31A-4AAF-4133-8129-0216B91FE6AD} = {3FCEEE74-E54A-4A14-BBF1-2F0839279501}
		{6AC94E06-CAF8-4CDD-B174-5605DEA69C80} = {5DA9588D-C9CD-4DF3-9939-664DA3A4226C}
		{8FBD4FD6-F6B5-4557-84C4-442D4B8351B3} = {6AC94E06-CAF8-4CDD-B174-5605DEA69C80}
		{2A713E8D-891A-4E2B-B618-0545BC934BE6} = {7D1C7816-B56C-4998-9248-564500714540}
		{6D942371-72FE-4A28-BBC7-B8BFC861E837} = {7D1C7816-B56C-4998-9248-564500714540}
		{A9B61F5B-3C8C-49C2-9D74-80084DE8C207} = {6D942371-72FE-4A28-BBC7-B8BFC861E837}
		{262F7377-99C6-4D1A-8648-4854BD2748F4} = {75FF1246-3AB0-4EAA-A5CE-22B00F997D9F}
		{74795E06-A58A-472F-92DC-98B351EF2A78} = {DD46A8B4-379B-4B26-85BD-1AE649548C96}
		{0DC0CE50-FCE5-4BFF-8D18-6E05B136A7C3} = {DD46A8B4-379B-4B26-85BD-1AE649548C96}
		{EB594479-0CE6-44F3-89EF-8674ADB24C49} = {9B85877F-A00B-4F72-B343-50A9BD4E7DE5}
		{C1CF6BB1-4AFD-4C3A-B14D-E053E48393C3} = {4EAE1FAE-697C-4181-9092-6F233BB53ADE}
		{6D300026-239C-40D8-8FEA-18A615ACC501} = {4EAE1FAE-697C-4181-9092-6F233BB53ADE}
		{7BF48ECF-366D-401D-AD45-B9170FD13B7B} = {6D300026-239C-40D8-8FEA-18A615ACC501}
		{D08CE4A4-00B6-41CC-9AF2-2F2F4D9E792F} = {0271CAAB-7C4D-40A2-98A5-ADC2C233275B}
		{DE9CE227-228A-4406-A860-548D16E6E392} = {5B327F49-0B36-4A3D-BCC1-EF83C51452A2}
		{8A16D65D-B185-42F9-A401-B2B44D63C6BD} = {E16BDF0B-4E14-4BF5-B54F-67B2AC387D5E}
		{DE13563F-D302-4D63-B28C-19720AEE98A4} = {215A91B4-47E5-444D-80FF-60C9A1ADD4F7}
		{384C9BAE-6F4A-4798-B235-9C14E8163617} = {E16BDF0B-4E14-4BF5-B54F-67B2AC387D5E}
		{EA5C7B79-A5EA-4716-87F8-5D2331486F38} = {384C9BAE-6F4A-4798-B235-9C14E8163617}
		{D8FC74D9-4B92-44BA-A716-54F816A2308F} = {384C9BAE-6F4A-4798-B235-9C14E8163617}
		{80F4CAEC-98A1-4928-97B7-54AFB763BAAD} = {2C292658-832B-49BF-B4CD-6AC5DDD0B5DF}
		{9CEA0EAC-6A15-4649-B3FE-45A6922F4BD7} = {2C292658-832B-49BF-B4CD-6AC5DDD0B5DF}
		{63432E68-3780-4F50-8F79-B4D43846A0CB} = {9CEA0EAC-6A15-4649-B3FE-45A6922F4BD7}
		{0EE36E52-ED69-45DE-BA62-4D899223E9CE} = {0D756154-A531-437D-9697-7AE7133442E3}
		{228BCB21-9484-4E65-8464-EBED73AD07CC} = {0D756154-A531-437D-9697-7AE7133442E3}
		{5B4AA7DB-883B-4B30-AB80-D0719131C843} = {228BCB21-9484-4E65-8464-EBED73AD07CC}
		{9A1106A4-4B5E-4200-925A-E9D01D37E542} = {867314E8-5424-40D4-AC02-E9DAA452C6C0}
		{C40E6447-1D19-4C71-9D18-9AF11F1C4E17} = {867314E8-5424-40D4-AC02-E9DAA452C6C0}
		{9ADEB5A5-5297-452A-9117-8DF2CE4B2B78} = {C40E6447-1D19-4C71-9D18-9AF11F1C4E17}
		{3A9E9E8D-CA68-421D-8BC7-9C92C08070EE} = {4869FD86-0F3E-4A86-9EAC-59C3C50D3B0F}
		{D77DDE85-215B-4F27-8283-88B430AC9B80} = {4869FD86-0F3E-4A86-9EAC-59C3C50D3B0F}
		{947FB3AA-1D1F-4F2E-B55F-2092B2535B2D} = {92DB4E82-2BF7-46D1-A558-BA9731620F01}
	EndGlobalSection
	GlobalSection(ExtensibilityGlobals) = postSolution
		SolutionGuid = {7F51798A-AF1E-45C3-B056-CA6392E0ADE5}
	EndGlobalSection
EndGlobal
